
Microsoft Visual Studio Solution File, Format Version 12.00
# Visual Studio Version 17
VisualStudioVersion = 17.10.35027.167
MinimumVisualStudioVersion = 10.0.40219.1
Project("{9A19103F-16F7-4668-BE54-9A1E7A4F7556}") = "H.Qubiz.Xperiments.CLI", "H.Qubiz.Xperiments.CLI\H.Qubiz.Xperiments.CLI.csproj", "{3DCE82D7-E495-459D-9624-AB446FDB3900}"
EndProject
Project("{9A19103F-16F7-4668-BE54-9A1E7A4F7556}") = "H.Qubiz.Xperiments.RavenDb", "H.Qubiz.Xperiments.RavenDb\H.Qubiz.Xperiments.RavenDb.csproj", "{D9E54A0E-7D2F-4DE8-BFEB-73BFEB8E020E}"
EndProject
Project("{9A19103F-16F7-4668-BE54-9A1E7A4F7556}") = "H.Qubiz.Xperiments.SQLite", "H.Qubiz.Xperiments.SQLite\H.Qubiz.Xperiments.SQLite.csproj", "{2D19F43B-23B5-480C-BE2C-245ECF2393A3}"
EndProject
Project("{9A19103F-16F7-4668-BE54-9A1E7A4F7556}") = "H.Xperiments.Assemblies", "H.Xperiments.Assemblies\H.Xperiments.Assemblies.csproj", "{4565054E-5FDA-4392-82B9-6843709696EE}"
EndProject
Project("{9A19103F-16F7-4668-BE54-9A1E7A4F7556}") = "H.Xperiments.CLI.UI", "H.Xperiments.CLI.UI\H.Xperiments.CLI.UI.csproj", "{381AFAF6-AA00-4E98-A99F-E65A31750157}"
EndProject
Project("{9A19103F-16F7-4668-BE54-9A1E7A4F7556}") = "H.Xperiments.Azf.Runtime.Debug", "H.Xperiments.Azf.Runtime.Debug\H.Xperiments.Azf.Runtime.Debug.csproj", "{DD072A40-7C8A-4806-A0D2-E3C131B886CB}"
EndProject
Project("{2150E333-8FDC-42A3-9474-1A3956D46DE8}") = "HMQ", "HMQ", "{1C96C0C4-BB5F-4D6B-AE09-F67158938D13}"
EndProject
Project("{9A19103F-16F7-4668-BE54-9A1E7A4F7556}") = "H.MQ.Abstractions", "HMQ\H.MQ.Abstractions\H.MQ.Abstractions.csproj", "{125BF389-623C-4228-A9E5-B63FC0447BAB}"
EndProject
Project("{9A19103F-16F7-4668-BE54-9A1E7A4F7556}") = "H.MQ", "HMQ\H.MQ\H.MQ.csproj", "{C59216E9-8E3A-472A-9F39-0D2BCE47FA06}"
EndProject
Project("{9A19103F-16F7-4668-BE54-9A1E7A4F7556}") = "H.MQ.Azure.ServiceBus", "HMQ\H.MQ.Azure.ServiceBus\H.MQ.Azure.ServiceBus.csproj", "{068173C6-62F0-4DD4-B7E4-BEB53DAAEAFD}"
EndProject
Project("{9A19103F-16F7-4668-BE54-9A1E7A4F7556}") = "H.MQ.Core", "HMQ\H.MQ.Core\H.MQ.Core.csproj", "{ACEC7487-EB23-4B5E-8F8C-2A9A5C506811}"
EndProject
Project("{9A19103F-16F7-4668-BE54-9A1E7A4F7556}") = "H.MQ.FileSystem", "HMQ\H.MQ.FileSystem\H.MQ.FileSystem.csproj", "{12C576B1-1D39-4BCE-A911-439BCD827F2B}"
EndProject
Project("{FAE04EC0-301F-11D3-BF4B-00C04F79EFBC}") = "H.MQ.RavenDB", "HMQ\H.MQ.RavenDB\H.MQ.RavenDB.csproj", "{555BAF97-6B03-4C5A-8F32-2C673BD03ADE}"
EndProject
Global
	GlobalSection(SolutionConfigurationPlatforms) = preSolution
		Debug|Any CPU = Debug|Any CPU
		Release|Any CPU = Release|Any CPU
	EndGlobalSection
	GlobalSection(ProjectConfigurationPlatforms) = postSolution
		{3DCE82D7-E495-459D-9624-AB446FDB3900}.Debug|Any CPU.ActiveCfg = Debug|Any CPU
		{3DCE82D7-E495-459D-9624-AB446FDB3900}.Debug|Any CPU.Build.0 = Debug|Any CPU
		{3DCE82D7-E495-459D-9624-AB446FDB3900}.Release|Any CPU.ActiveCfg = Release|Any CPU
		{3DCE82D7-E495-459D-9624-AB446FDB3900}.Release|Any CPU.Build.0 = Release|Any CPU
		{D9E54A0E-7D2F-4DE8-BFEB-73BFEB8E020E}.Debug|Any CPU.ActiveCfg = Debug|Any CPU
		{D9E54A0E-7D2F-4DE8-BFEB-73BFEB8E020E}.Debug|Any CPU.Build.0 = Debug|Any CPU
		{D9E54A0E-7D2F-4DE8-BFEB-73BFEB8E020E}.Release|Any CPU.ActiveCfg = Release|Any CPU
		{D9E54A0E-7D2F-4DE8-BFEB-73BFEB8E020E}.Release|Any CPU.Build.0 = Release|Any CPU
		{2D19F43B-23B5-480C-BE2C-245ECF2393A3}.Debug|Any CPU.ActiveCfg = Debug|Any CPU
		{2D19F43B-23B5-480C-BE2C-245ECF2393A3}.Debug|Any CPU.Build.0 = Debug|Any CPU
		{2D19F43B-23B5-480C-BE2C-245ECF2393A3}.Release|Any CPU.ActiveCfg = Release|Any CPU
		{2D19F43B-23B5-480C-BE2C-245ECF2393A3}.Release|Any CPU.Build.0 = Release|Any CPU
		{4565054E-5FDA-4392-82B9-6843709696EE}.Debug|Any CPU.ActiveCfg = Debug|Any CPU
		{4565054E-5FDA-4392-82B9-6843709696EE}.Debug|Any CPU.Build.0 = Debug|Any CPU
		{4565054E-5FDA-4392-82B9-6843709696EE}.Release|Any CPU.ActiveCfg = Release|Any CPU
		{4565054E-5FDA-4392-82B9-6843709696EE}.Release|Any CPU.Build.0 = Release|Any CPU
		{381AFAF6-AA00-4E98-A99F-E65A31750157}.Debug|Any CPU.ActiveCfg = Debug|Any CPU
		{381AFAF6-AA00-4E98-A99F-E65A31750157}.Debug|Any CPU.Build.0 = Debug|Any CPU
		{381AFAF6-AA00-4E98-A99F-E65A31750157}.Release|Any CPU.ActiveCfg = Release|Any CPU
		{381AFAF6-AA00-4E98-A99F-E65A31750157}.Release|Any CPU.Build.0 = Release|Any CPU
		{DD072A40-7C8A-4806-A0D2-E3C131B886CB}.Debug|Any CPU.ActiveCfg = Debug|Any CPU
		{DD072A40-7C8A-4806-A0D2-E3C131B886CB}.Debug|Any CPU.Build.0 = Debug|Any CPU
		{DD072A40-7C8A-4806-A0D2-E3C131B886CB}.Release|Any CPU.ActiveCfg = Release|Any CPU
		{DD072A40-7C8A-4806-A0D2-E3C131B886CB}.Release|Any CPU.Build.0 = Release|Any CPU
		{125BF389-623C-4228-A9E5-B63FC0447BAB}.Debug|Any CPU.ActiveCfg = Debug|Any CPU
		{125BF389-623C-4228-A9E5-B63FC0447BAB}.Debug|Any CPU.Build.0 = Debug|Any CPU
		{125BF389-623C-4228-A9E5-B63FC0447BAB}.Release|Any CPU.ActiveCfg = Release|Any CPU
		{125BF389-623C-4228-A9E5-B63FC0447BAB}.Release|Any CPU.Build.0 = Release|Any CPU
		{C59216E9-8E3A-472A-9F39-0D2BCE47FA06}.Debug|Any CPU.ActiveCfg = Debug|Any CPU
		{C59216E9-8E3A-472A-9F39-0D2BCE47FA06}.Debug|Any CPU.Build.0 = Debug|Any CPU
		{C59216E9-8E3A-472A-9F39-0D2BCE47FA06}.Release|Any CPU.ActiveCfg = Release|Any CPU
		{C59216E9-8E3A-472A-9F39-0D2BCE47FA06}.Release|Any CPU.Build.0 = Release|Any CPU
		{068173C6-62F0-4DD4-B7E4-BEB53DAAEAFD}.Debug|Any CPU.ActiveCfg = Debug|Any CPU
		{068173C6-62F0-4DD4-B7E4-BEB53DAAEAFD}.Debug|Any CPU.Build.0 = Debug|Any CPU
		{068173C6-62F0-4DD4-B7E4-BEB53DAAEAFD}.Release|Any CPU.ActiveCfg = Release|Any CPU
		{068173C6-62F0-4DD4-B7E4-BEB53DAAEAFD}.Release|Any CPU.Build.0 = Release|Any CPU
		{ACEC7487-EB23-4B5E-8F8C-2A9A5C506811}.Debug|Any CPU.ActiveCfg = Debug|Any CPU
		{ACEC7487-EB23-4B5E-8F8C-2A9A5C506811}.Debug|Any CPU.Build.0 = Debug|Any CPU
		{ACEC7487-EB23-4B5E-8F8C-2A9A5C506811}.Release|Any CPU.ActiveCfg = Release|Any CPU
		{ACEC7487-EB23-4B5E-8F8C-2A9A5C506811}.Release|Any CPU.Build.0 = Release|Any CPU
		{12C576B1-1D39-4BCE-A911-439BCD827F2B}.Debug|Any CPU.ActiveCfg = Debug|Any CPU
		{12C576B1-1D39-4BCE-A911-439BCD827F2B}.Debug|Any CPU.Build.0 = Debug|Any CPU
		{12C576B1-1D39-4BCE-A911-439BCD827F2B}.Release|Any CPU.ActiveCfg = Release|Any CPU
		{12C576B1-1D39-4BCE-A911-439BCD827F2B}.Release|Any CPU.Build.0 = Release|Any CPU
		{555BAF97-6B03-4C5A-8F32-2C673BD03ADE}.Debug|Any CPU.ActiveCfg = Debug|Any CPU
		{555BAF97-6B03-4C5A-8F32-2C673BD03ADE}.Debug|Any CPU.Build.0 = Debug|Any CPU
		{555BAF97-6B03-4C5A-8F32-2C673BD03ADE}.Release|Any CPU.ActiveCfg = Release|Any CPU
		{555BAF97-6B03-4C5A-8F32-2C673BD03ADE}.Release|Any CPU.Build.0 = Release|Any CPU
	EndGlobalSection
	GlobalSection(SolutionProperties) = preSolution
		HideSolutionNode = FALSE
	EndGlobalSection
	GlobalSection(NestedProjects) = preSolution
		{125BF389-623C-4228-A9E5-B63FC0447BAB} = {1C96C0C4-BB5F-4D6B-AE09-F67158938D13}
		{C59216E9-8E3A-472A-9F39-0D2BCE47FA06} = {1C96C0C4-BB5F-4D6B-AE09-F67158938D13}
		{068173C6-62F0-4DD4-B7E4-BEB53DAAEAFD} = {1C96C0C4-BB5F-4D6B-AE09-F67158938D13}
		{ACEC7487-EB23-4B5E-8F8C-2A9A5C506811} = {1C96C0C4-BB5F-4D6B-AE09-F67158938D13}
		{12C576B1-1D39-4BCE-A911-439BCD827F2B} = {1C96C0C4-BB5F-4D6B-AE09-F67158938D13}
		{555BAF97-6B03-4C5A-8F32-2C673BD03ADE} = {1C96C0C4-BB5F-4D6B-AE09-F67158938D13}
	EndGlobalSection
	GlobalSection(ExtensibilityGlobals) = postSolution
		SolutionGuid = {D1C2BA0F-DC65-4EA6-BEDD-DA2182F47671}
	EndGlobalSection
EndGlobal
